// !$*UTF8*$!
{
	archiveVersion = 1;
	classes = {
	};
	objectVersion = 48;
	objects = {

/* Begin PBXBuildFile section */
		DF045CDA1FF32DEB0015CD0B /* AppDelegate.swift in Sources */ = {isa = PBXBuildFile; fileRef = DF045CD91FF32DEB0015CD0B /* AppDelegate.swift */; };
		DF045CDC1FF32DEB0015CD0B /* ViewController.swift in Sources */ = {isa = PBXBuildFile; fileRef = DF045CDB1FF32DEB0015CD0B /* ViewController.swift */; };
		DF045CDF1FF32DEB0015CD0B /* Main.storyboard in Resources */ = {isa = PBXBuildFile; fileRef = DF045CDD1FF32DEB0015CD0B /* Main.storyboard */; };
		DF045CE11FF32DEB0015CD0B /* Assets.xcassets in Resources */ = {isa = PBXBuildFile; fileRef = DF045CE01FF32DEB0015CD0B /* Assets.xcassets */; };
		DF045CE41FF32DEB0015CD0B /* LaunchScreen.storyboard in Resources */ = {isa = PBXBuildFile; fileRef = DF045CE21FF32DEB0015CD0B /* LaunchScreen.storyboard */; };
		DF9EC45F1FF5E4A000180EAF /* SwipingCollectionViewController.swift in Sources */ = {isa = PBXBuildFile; fileRef = DF9EC45E1FF5E4A000180EAF /* SwipingCollectionViewController.swift */; };
		DF9EC4611FF5EBC100180EAF /* PageCollectionViewCell.swift in Sources */ = {isa = PBXBuildFile; fileRef = DF9EC4601FF5EBC100180EAF /* PageCollectionViewCell.swift */; };
		DF9EC4881FF889BA00180EAF /* Page.swift in Sources */ = {isa = PBXBuildFile; fileRef = DF9EC4871FF889BA00180EAF /* Page.swift */; };
/* End PBXBuildFile section */

/* Begin PBXFileReference section */
		DF045CD61FF32DEB0015CD0B /* AutoLayout.app */ = {isa = PBXFileReference; explicitFileType = wrapper.application; includeInIndex = 0; path = AutoLayout.app; sourceTree = BUILT_PRODUCTS_DIR; };
		DF045CD91FF32DEB0015CD0B /* AppDelegate.swift */ = {isa = PBXFileReference; lastKnownFileType = sourcecode.swift; path = AppDelegate.swift; sourceTree = "<group>"; };
		DF045CDB1FF32DEB0015CD0B /* ViewController.swift */ = {isa = PBXFileReference; lastKnownFileType = sourcecode.swift; path = ViewController.swift; sourceTree = "<group>"; };
		DF045CDE1FF32DEB0015CD0B /* Base */ = {isa = PBXFileReference; lastKnownFileType = file.storyboard; name = Base; path = Base.lproj/Main.storyboard; sourceTree = "<group>"; };
		DF045CE01FF32DEB0015CD0B /* Assets.xcassets */ = {isa = PBXFileReference; lastKnownFileType = folder.assetcatalog; path = Assets.xcassets; sourceTree = "<group>"; };
		DF045CE31FF32DEB0015CD0B /* Base */ = {isa = PBXFileReference; lastKnownFileType = file.storyboard; name = Base; path = Base.lproj/LaunchScreen.storyboard; sourceTree = "<group>"; };
		DF045CE51FF32DEB0015CD0B /* Info.plist */ = {isa = PBXFileReference; lastKnownFileType = text.plist.xml; path = Info.plist; sourceTree = "<group>"; };
		DF9EC45E1FF5E4A000180EAF /* SwipingCollectionViewController.swift */ = {isa = PBXFileReference; lastKnownFileType = sourcecode.swift; path = SwipingCollectionViewController.swift; sourceTree = "<group>"; };
		DF9EC4601FF5EBC100180EAF /* PageCollectionViewCell.swift */ = {isa = PBXFileReference; lastKnownFileType = sourcecode.swift; path = PageCollectionViewCell.swift; sourceTree = "<group>"; };
		DF9EC4871FF889BA00180EAF /* Page.swift */ = {isa = PBXFileReference; lastKnownFileType = sourcecode.swift; path = Page.swift; sourceTree = "<group>"; };
/* End PBXFileReference section */

/* Begin PBXFrameworksBuildPhase section */
		DF045CD31FF32DEB0015CD0B /* Frameworks */ = {
			isa = PBXFrameworksBuildPhase;
			buildActionMask = 2147483647;
			files = (
			);
			runOnlyForDeploymentPostprocessing = 0;
		};
/* End PBXFrameworksBuildPhase section */

/* Begin PBXGroup section */
		DF045CCD1FF32DEB0015CD0B = {
			isa = PBXGroup;
			children = (
				DF045CD81FF32DEB0015CD0B /* AutoLayout */,
				DF045CD71FF32DEB0015CD0B /* Products */,
			);
			sourceTree = "<group>";
		};
		DF045CD71FF32DEB0015CD0B /* Products */ = {
			isa = PBXGroup;
			children = (
				DF045CD61FF32DEB0015CD0B /* AutoLayout.app */,
			);
			name = Products;
			sourceTree = "<group>";
		};
		DF045CD81FF32DEB0015CD0B /* AutoLayout */ = {
			isa = PBXGroup;
			children = (
				DF9EC4861FF8899100180EAF /* Model */,
				DF9EC4851FF8898A00180EAF /* View */,
				DF9EC4841FF8897700180EAF /* Controller */,
				DF045CD91FF32DEB0015CD0B /* AppDelegate.swift */,
				DF045CDB1FF32DEB0015CD0B /* ViewController.swift */,
				DF045CDD1FF32DEB0015CD0B /* Main.storyboard */,
				DF045CE01FF32DEB0015CD0B /* Assets.xcassets */,
				DF045CE21FF32DEB0015CD0B /* LaunchScreen.storyboard */,
				DF045CE51FF32DEB0015CD0B /* Info.plist */,
			);
			path = AutoLayout;
			sourceTree = "<group>";
		};
		DF9EC4841FF8897700180EAF /* Controller */ = {
			isa = PBXGroup;
			children = (
				DF9EC45E1FF5E4A000180EAF /* SwipingCollectionViewController.swift */,
			);
			path = Controller;
			sourceTree = "<group>";
		};
		DF9EC4851FF8898A00180EAF /* View */ = {
			isa = PBXGroup;
			children = (
				DF9EC4601FF5EBC100180EAF /* PageCollectionViewCell.swift */,
			);
			path = View;
			sourceTree = "<group>";
		};
		DF9EC4861FF8899100180EAF /* Model */ = {
			isa = PBXGroup;
			children = (
				DF9EC4871FF889BA00180EAF /* Page.swift */,
			);
			path = Model;
			sourceTree = "<group>";
		};
/* End PBXGroup section */

/* Begin PBXNativeTarget section */
		DF045CD51FF32DEB0015CD0B /* AutoLayout */ = {
			isa = PBXNativeTarget;
			buildConfigurationList = DF045CE81FF32DEB0015CD0B /* Build configuration list for PBXNativeTarget "AutoLayout" */;
			buildPhases = (
				DF045CD21FF32DEB0015CD0B /* Sources */,
				DF045CD31FF32DEB0015CD0B /* Frameworks */,
				DF045CD41FF32DEB0015CD0B /* Resources */,
			);
			buildRules = (
			);
			dependencies = (
			);
			name = AutoLayout;
			productName = AutoLayout;
			productReference = DF045CD61FF32DEB0015CD0B /* AutoLayout.app */;
			productType = "com.apple.product-type.application";
		};
/* End PBXNativeTarget section */

/* Begin PBXProject section */
		DF045CCE1FF32DEB0015CD0B /* Project object */ = {
			isa = PBXProject;
			attributes = {
				LastSwiftUpdateCheck = 0920;
				LastUpgradeCheck = 0920;
				ORGANIZATIONNAME = "Joshua Geronimo";
				TargetAttributes = {
					DF045CD51FF32DEB0015CD0B = {
						CreatedOnToolsVersion = 9.2;
						ProvisioningStyle = Automatic;
					};
				};
			};
			buildConfigurationList = DF045CD11FF32DEB0015CD0B /* Build configuration list for PBXProject "AutoLayout" */;
			compatibilityVersion = "Xcode 8.0";
			developmentRegion = en;
			hasScannedForEncodings = 0;
			knownRegions = (
				en,
				Base,
			);
			mainGroup = DF045CCD1FF32DEB0015CD0B;
			productRefGroup = DF045CD71FF32DEB0015CD0B /* Products */;
			projectDirPath = "";
			projectRoot = "";
			targets = (
				DF045CD51FF32DEB0015CD0B /* AutoLayout */,
			);
		};
/* End PBXProject section */

/* Begin PBXResourcesBuildPhase section */
		DF045CD41FF32DEB0015CD0B /* Resources */ = {
			isa = PBXResourcesBuildPhase;
			buildActionMask = 2147483647;
			files = (
				DF045CE41FF32DEB0015CD0B /* LaunchScreen.storyboard in Resources */,
				DF045CE11FF32DEB0015CD0B /* Assets.xcassets in Resources */,
				DF045CDF1FF32DEB0015CD0B /* Main.storyboard in Resources */,
			);
			runOnlyForDeploymentPostprocessing = 0;
		};
/* End PBXResourcesBuildPhase section */

/* Begin PBXSourcesBuildPhase section */
		DF045CD21FF32DEB0015CD0B /* Sources */ = {
			isa = PBXSourcesBuildPhase;
			buildActionMask = 2147483647;
			files = (
				DF045CDC1FF32DEB0015CD0B /* ViewController.swift in Sources */,
				DF9EC45F1FF5E4A000180EAF /* SwipingCollectionViewController.swift in Sources */,
				DF045CDA1FF32DEB0015CD0B /* AppDelegate.swift in Sources */,
				DF9EC4611FF5EBC100180EAF /* PageCollectionViewCell.swift in Sources */,
				DF9EC4881FF889BA00180EAF /* Page.swift in Sources */,
			);
			runOnlyForDeploymentPostprocessing = 0;
		};
/* End PBXSourcesBuildPhase section */

/* Begin PBXVariantGroup section */
		DF045CDD1FF32DEB0015CD0B /* Main.storyboard */ = {
			isa = PBXVariantGroup;
			children = (
				DF045CDE1FF32DEB0015CD0B /* Base */,
			);
			name = Main.storyboard;
			sourceTree = "<group>";
		};
		DF045CE21FF32DEB0015CD0B /* LaunchScreen.storyboard */ = {
			isa = PBXVariantGroup;
			children = (
				DF045CE31FF32DEB0015CD0B /* Base */,
			);
			name = LaunchScreen.storyboard;
			sourceTree = "<group>";
		};
/* End PBXVariantGroup section */

/* Begin XCBuildConfiguration section */
		DF045CE61FF32DEB0015CD0B /* Debug */ = {
			isa = XCBuildConfiguration;
			buildSettings = {
				ALWAYS_SEARCH_USER_PATHS = NO;
				CLANG_ANALYZER_NONNULL = YES;
				CLANG_ANALYZER_NUMBER_OBJECT_CONVERSION = YES_AGGRESSIVE;
				CLANG_CXX_LANGUAGE_STANDARD = "gnu++14";
				CLANG_CXX_LIBRARY = "libc++";
				CLANG_ENABLE_MODULES = YES;
				CLANG_ENABLE_OBJC_ARC = YES;
				CLANG_WARN_BLOCK_CAPTURE_AUTORELEASING = YES;
				CLANG_WARN_BOOL_CONVERSION = YES;
				CLANG_WARN_COMMA = YES;
				CLANG_WARN_CONSTANT_CONVERSION = YES;
				CLANG_WARN_DIRECT_OBJC_ISA_USAGE = YES_ERROR;
				CLANG_WARN_DOCUMENTATION_COMMENTS = YES;
				CLANG_WARN_EMPTY_BODY = YES;
				CLANG_WARN_ENUM_CONVERSION = YES;
				CLANG_WARN_INFINITE_RECURSION = YES;
				CLANG_WARN_INT_CONVERSION = YES;
				CLANG_WARN_NON_LITERAL_NULL_CONVERSION = YES;
				CLANG_WARN_OBJC_LITERAL_CONVERSION = YES;
				CLANG_WARN_OBJC_ROOT_CLASS = YES_ERROR;
				CLANG_WARN_RANGE_LOOP_ANALYSIS = YES;
				CLANG_WARN_STRICT_PROTOTYPES = YES;
				CLANG_WARN_SUSPICIOUS_MOVE = YES;
				CLANG_WARN_UNGUARDED_AVAILABILITY = YES_AGGRESSIVE;
				CLANG_WARN_UNREACHABLE_CODE = YES;
				CLANG_WARN__DUPLICATE_METHOD_MATCH = YES;
				CODE_SIGN_IDENTITY = "iPhone Developer";
				COPY_PHASE_STRIP = NO;
				DEBUG_INFORMATION_FORMAT = dwarf;
				ENABLE_STRICT_OBJC_MSGSEND = YES;
				ENABLE_TESTABILITY = YES;
				GCC_C_LANGUAGE_STANDARD = gnu11;
				GCC_DYNAMIC_NO_PIC = NO;
				GCC_NO_COMMON_BLOCKS = YES;
				GCC_OPTIMIZATION_LEVEL = 0;
				GCC_PREPROCESSOR_DEFINITIONS = (
					"DEBUG=1",
					"$(inherited)",
				);
				GCC_WARN_64_TO_32_BIT_CONVERSION = YES;
				GCC_WARN_ABOUT_RETURN_TYPE = YES_ERROR;
				GCC_WARN_UNDECLARED_SELECTOR = YES;
				GCC_WARN_UNINITIALIZED_AUTOS = YES_AGGRESSIVE;
				GCC_WARN_UNUSED_FUNCTION = YES;
				GCC_WARN_UNUSED_VARIABLE = YES;
				IPHONEOS_DEPLOYMENT_TARGET = 11.2;
				MTL_ENABLE_DEBUG_INFO = YES;
				ONLY_ACTIVE_ARCH = YES;
				SDKROOT = iphoneos;
				SWIFT_ACTIVE_COMPILATION_CONDITIONS = DEBUG;
				SWIFT_OPTIMIZATION_LEVEL = "-Onone";
			};
			name = Debug;
		};
		DF045CE71FF32DEB0015CD0B /* Release */ = {
			isa = XCBuildConfiguration;
			buildSettings = {
				ALWAYS_SEARCH_USER_PATHS = NO;
				CLANG_ANALYZER_NONNULL = YES;
				CLANG_ANALYZER_NUMBER_OBJECT_CONVERSION = YES_AGGRESSIVE;
				CLANG_CXX_LANGUAGE_STANDARD = "gnu++14";
				CLANG_CXX_LIBRARY = "libc++";
				CLANG_ENABLE_MODULES = YES;
				CLANG_ENABLE_OBJC_ARC = YES;
				CLANG_WARN_BLOCK_CAPTURE_AUTORELEASING = YES;
				CLANG_WARN_BOOL_CONVERSION = YES;
				CLANG_WARN_COMMA = YES;
				CLANG_WARN_CONSTANT_CONVERSION = YES;
				CLANG_WARN_DIRECT_OBJC_ISA_USAGE = YES_ERROR;
				CLANG_WARN_DOCUMENTATION_COMMENTS = YES;
				CLANG_WARN_EMPTY_BODY = YES;
				CLANG_WARN_ENUM_CONVERSION = YES;
				CLANG_WARN_INFINITE_RECURSION = YES;
				CLANG_WARN_INT_CONVERSION = YES;
				CLANG_WARN_NON_LITERAL_NULL_CONVERSION = YES;
				CLANG_WARN_OBJC_LITERAL_CONVERSION = YES;
				CLANG_WARN_OBJC_ROOT_CLASS = YES_ERROR;
				CLANG_WARN_RANGE_LOOP_ANALYSIS = YES;
				CLANG_WARN_STRICT_PROTOTYPES = YES;
				CLANG_WARN_SUSPICIOUS_MOVE = YES;
				CLANG_WARN_UNGUARDED_AVAILABILITY = YES_AGGRESSIVE;
				CLANG_WARN_UNREACHABLE_CODE = YES;
				CLANG_WARN__DUPLICATE_METHOD_MATCH = YES;
				CODE_SIGN_IDENTITY = "iPhone Developer";
				COPY_PHASE_STRIP = NO;
				DEBUG_INFORMATION_FORMAT = "dwarf-with-dsym";
				ENABLE_NS_ASSERTIONS = NO;
				ENABLE_STRICT_OBJC_MSGSEND = YES;
				GCC_C_LANGUAGE_STANDARD = gnu11;
				GCC_NO_COMMON_BLOCKS = YES;
				GCC_WARN_64_TO_32_BIT_CONVERSION = YES;
				GCC_WARN_ABOUT_RETURN_TYPE = YES_ERROR;
				GCC_WARN_UNDECLARED_SELECTOR = YES;
				GCC_WARN_UNINITIALIZED_AUTOS = YES_AGGRESSIVE;
				GCC_WARN_UNUSED_FUNCTION = YES;
				GCC_WARN_UNUSED_VARIABLE = YES;
				IPHONEOS_DEPLOYMENT_TARGET = 11.2;
				MTL_ENABLE_DEBUG_INFO = NO;
				SDKROOT = iphoneos;
				SWIFT_OPTIMIZATION_LEVEL = "-Owholemodule";
				VALIDATE_PRODUCT = YES;
			};
			name = Release;
		};
		DF045CE91FF32DEB0015CD0B /* Debug */ = {
			isa = XCBuildConfiguration;
			buildSettings = {
				ASSETCATALOG_COMPILER_APPICON_NAME = AppIcon;
				CODE_SIGN_STYLE = Automatic;
				DEVELOPMENT_TEAM = 436Y3QLM8L;
				INFOPLIST_FILE = AutoLayout/Info.plist;
				LD_RUNPATH_SEARCH_PATHS = "$(inherited) @executable_path/Frameworks";
				PRODUCT_BUNDLE_IDENTIFIER = com.geronimoapp.AutoLayout;
				PRODUCT_NAME = "$(TARGET_NAME)";
				SWIFT_VERSION = 4.0;
				TARGETED_DEVICE_FAMILY = "1,2";
			};
			name = Debug;
		};
		DF045CEA1FF32DEB0015CD0B /* Release */ = {
			isa = XCBuildConfiguration;
			buildSettings = {
				ASSETCATALOG_COMPILER_APPICON_NAME = AppIcon;
				CODE_SIGN_STYLE = Automatic;
				DEVELOPMENT_TEAM = 436Y3QLM8L;
				INFOPLIST_FILE = AutoLayout/Info.plist;
				LD_RUNPATH_SEARCH_PATHS = "$(inherited) @executable_path/Frameworks";
				PRODUCT_BUNDLE_IDENTIFIER = com.geronimoapp.AutoLayout;
				PRODUCT_NAME = "$(TARGET_NAME)";
				SWIFT_VERSION = 4.0;
				TARGETED_DEVICE_FAMILY = "1,2";
			};
			name = Release;
		};
/* End XCBuildConfiguration section */

/* Begin XCConfigurationList section */
		DF045CD11FF32DEB0015CD0B /* Build configuration list for PBXProject "AutoLayout" */ = {
			isa = XCConfigurationList;
			buildConfigurations = (
				DF045CE61FF32DEB0015CD0B /* Debug */,
				DF045CE71FF32DEB0015CD0B /* Release */,
			);
			defaultConfigurationIsVisible = 0;
			defaultConfigurationName = Release;
		};
		DF045CE81FF32DEB0015CD0B /* Build configuration list for PBXNativeTarget "AutoLayout" */ = {
			isa = XCConfigurationList;
			buildConfigurations = (
				DF045CE91FF32DEB0015CD0B /* Debug */,
				DF045CEA1FF32DEB0015CD0B /* Release */,
			);
			defaultConfigurationIsVisible = 0;
			defaultConfigurationName = Release;
		};
/* End XCConfigurationList section */
	};
	rootObject = DF045CCE1FF32DEB0015CD0B /* Project object */;
}
